
Microsoft Visual Studio Solution File, Format Version 12.00
# Visual Studio Version 17
VisualStudioVersion = 17.6.33723.286
MinimumVisualStudioVersion = 10.0.40219.1
Project("{9A19103F-16F7-4668-BE54-9A1E7A4F7556}") = "CDNsolutionWebAPI", "CDNsolutionWebAPI.csproj", "{3BB076BA-CFA2-4D3F-B80F-6E1DA355030E}"
EndProject
Project("{9A19103F-16F7-4668-BE54-9A1E7A4F7556}") = "CDNsolution", "..\CDNsolution\CDNsolution.csproj", "{325B0A27-2FAA-4CD4-93DF-D14B2521608B}"
EndProject
Global
	GlobalSection(SolutionConfigurationPlatforms) = preSolution
		Debug|Any CPU = Debug|Any CPU
		Release|Any CPU = Release|Any CPU
	EndGlobalSection
	GlobalSection(ProjectConfigurationPlatforms) = postSolution
		{3BB076BA-CFA2-4D3F-B80F-6E1DA355030E}.Debug|Any CPU.ActiveCfg = Debug|Any CPU
		{3BB076BA-CFA2-4D3F-B80F-6E1DA355030E}.Debug|Any CPU.Build.0 = Debug|Any CPU
		{3BB076BA-CFA2-4D3F-B80F-6E1DA355030E}.Release|Any CPU.ActiveCfg = Release|Any CPU
		{3BB076BA-CFA2-4D3F-B80F-6E1DA355030E}.Release|Any CPU.Build.0 = Release|Any CPU
		{325B0A27-2FAA-4CD4-93DF-D14B2521608B}.Debug|Any CPU.ActiveCfg = Debug|Any CPU
		{325B0A27-2FAA-4CD4-93DF-D14B2521608B}.Debug|Any CPU.Build.0 = Debug|Any CPU
		{325B0A27-2FAA-4CD4-93DF-D14B2521608B}.Release|Any CPU.ActiveCfg = Release|Any CPU
		{325B0A27-2FAA-4CD4-93DF-D14B2521608B}.Release|Any CPU.Build.0 = Release|Any CPU
	EndGlobalSection
	GlobalSection(SolutionProperties) = preSolution
		HideSolutionNode = FALSE
	EndGlobalSection
	GlobalSection(ExtensibilityGlobals) = postSolution
		SolutionGuid = {82B5D304-6C96-40E0-8887-2D29C2B686CB}
	EndGlobalSection
EndGlobal
